// !$*UTF8*$!
{
	archiveVersion = 1;
	classes = {
	};
	objectVersion = 56;
	objects = {

/* Begin PBXBuildFile section */
		D94FF4A12ADB13310019F211 /* Metal_StartupApp.swift in Sources */ = {isa = PBXBuildFile; fileRef = D94FF4A02ADB13310019F211 /* Metal_StartupApp.swift */; };
		D94FF4A32ADB13310019F211 /* ContentView.swift in Sources */ = {isa = PBXBuildFile; fileRef = D94FF4A22ADB13310019F211 /* ContentView.swift */; };
		D94FF4A52ADB13330019F211 /* Assets.xcassets in Resources */ = {isa = PBXBuildFile; fileRef = D94FF4A42ADB13330019F211 /* Assets.xcassets */; };
		D94FF4A82ADB13330019F211 /* Preview Assets.xcassets in Resources */ = {isa = PBXBuildFile; fileRef = D94FF4A72ADB13330019F211 /* Preview Assets.xcassets */; };
		D94FF4B12ADB136D0019F211 /* MetalView.swift in Sources */ = {isa = PBXBuildFile; fileRef = D94FF4B02ADB136D0019F211 /* MetalView.swift */; };
		D94FF4B42ADB13BE0019F211 /* Renderer.swift in Sources */ = {isa = PBXBuildFile; fileRef = D94FF4B32ADB13BE0019F211 /* Renderer.swift */; };
		D94FF4B72ADB185F0019F211 /* shader.metal in Sources */ = {isa = PBXBuildFile; fileRef = D94FF4B62ADB185F0019F211 /* shader.metal */; };
/* End PBXBuildFile section */

/* Begin PBXFileReference section */
		D94FF49D2ADB13310019F211 /* Metal Startup.app */ = {isa = PBXFileReference; explicitFileType = wrapper.application; includeInIndex = 0; path = "Metal Startup.app"; sourceTree = BUILT_PRODUCTS_DIR; };
		D94FF4A02ADB13310019F211 /* Metal_StartupApp.swift */ = {isa = PBXFileReference; lastKnownFileType = sourcecode.swift; path = Metal_StartupApp.swift; sourceTree = "<group>"; };
		D94FF4A22ADB13310019F211 /* ContentView.swift */ = {isa = PBXFileReference; lastKnownFileType = sourcecode.swift; path = ContentView.swift; sourceTree = "<group>"; };
		D94FF4A42ADB13330019F211 /* Assets.xcassets */ = {isa = PBXFileReference; lastKnownFileType = folder.assetcatalog; path = Assets.xcassets; sourceTree = "<group>"; };
		D94FF4A72ADB13330019F211 /* Preview Assets.xcassets */ = {isa = PBXFileReference; lastKnownFileType = folder.assetcatalog; path = "Preview Assets.xcassets"; sourceTree = "<group>"; };
		D94FF4A92ADB13330019F211 /* Metal_Startup.entitlements */ = {isa = PBXFileReference; lastKnownFileType = text.plist.entitlements; path = Metal_Startup.entitlements; sourceTree = "<group>"; };
		D94FF4B02ADB136D0019F211 /* MetalView.swift */ = {isa = PBXFileReference; lastKnownFileType = sourcecode.swift; path = MetalView.swift; sourceTree = "<group>"; };
		D94FF4B32ADB13BE0019F211 /* Renderer.swift */ = {isa = PBXFileReference; lastKnownFileType = sourcecode.swift; path = Renderer.swift; sourceTree = "<group>"; };
		D94FF4B62ADB185F0019F211 /* shader.metal */ = {isa = PBXFileReference; lastKnownFileType = sourcecode.metal; path = shader.metal; sourceTree = "<group>"; };
/* End PBXFileReference section */

/* Begin PBXFrameworksBuildPhase section */
		D94FF49A2ADB13310019F211 /* Frameworks */ = {
			isa = PBXFrameworksBuildPhase;
			buildActionMask = 2147483647;
			files = (
			);
			runOnlyForDeploymentPostprocessing = 0;
		};
/* End PBXFrameworksBuildPhase section */

/* Begin PBXGroup section */
		D94FF4942ADB13310019F211 = {
			isa = PBXGroup;
			children = (
				D94FF49F2ADB13310019F211 /* Metal Startup */,
				D94FF49E2ADB13310019F211 /* Products */,
			);
			sourceTree = "<group>";
		};
		D94FF49E2ADB13310019F211 /* Products */ = {
			isa = PBXGroup;
			children = (
				D94FF49D2ADB13310019F211 /* Metal Startup.app */,
			);
			name = Products;
			sourceTree = "<group>";
		};
		D94FF49F2ADB13310019F211 /* Metal Startup */ = {
			isa = PBXGroup;
			children = (
				D94FF4B22ADB13B40019F211 /* Metal */,
				D94FF4AF2ADB13600019F211 /* View */,
				D94FF4A02ADB13310019F211 /* Metal_StartupApp.swift */,
				D94FF4A42ADB13330019F211 /* Assets.xcassets */,
				D94FF4A92ADB13330019F211 /* Metal_Startup.entitlements */,
				D94FF4A62ADB13330019F211 /* Preview Content */,
			);
			path = "Metal Startup";
			sourceTree = "<group>";
		};
		D94FF4A62ADB13330019F211 /* Preview Content */ = {
			isa = PBXGroup;
			children = (
				D94FF4A72ADB13330019F211 /* Preview Assets.xcassets */,
			);
			path = "Preview Content";
			sourceTree = "<group>";
		};
		D94FF4AF2ADB13600019F211 /* View */ = {
			isa = PBXGroup;
			children = (
				D94FF4A22ADB13310019F211 /* ContentView.swift */,
				D94FF4B02ADB136D0019F211 /* MetalView.swift */,
			);
			path = View;
			sourceTree = "<group>";
		};
		D94FF4B22ADB13B40019F211 /* Metal */ = {
			isa = PBXGroup;
			children = (
				D94FF4B52ADB18550019F211 /* Shader */,
				D94FF4B32ADB13BE0019F211 /* Renderer.swift */,
			);
			path = Metal;
			sourceTree = "<group>";
		};
		D94FF4B52ADB18550019F211 /* Shader */ = {
			isa = PBXGroup;
			children = (
				D94FF4B62ADB185F0019F211 /* shader.metal */,
			);
			path = Shader;
			sourceTree = "<group>";
		};
/* End PBXGroup section */

/* Begin PBXNativeTarget section */
		D94FF49C2ADB13310019F211 /* Metal Startup */ = {
			isa = PBXNativeTarget;
			buildConfigurationList = D94FF4AC2ADB13330019F211 /* Build configuration list for PBXNativeTarget "Metal Startup" */;
			buildPhases = (
				D94FF4992ADB13310019F211 /* Sources */,
				D94FF49A2ADB13310019F211 /* Frameworks */,
				D94FF49B2ADB13310019F211 /* Resources */,
			);
			buildRules = (
			);
			dependencies = (
			);
			name = "Metal Startup";
			productName = "Metal Startup";
			productReference = D94FF49D2ADB13310019F211 /* Metal Startup.app */;
			productType = "com.apple.product-type.application";
		};
/* End PBXNativeTarget section */

/* Begin PBXProject section */
		D94FF4952ADB13310019F211 /* Project object */ = {
			isa = PBXProject;
			attributes = {
				BuildIndependentTargetsInParallel = 1;
				LastSwiftUpdateCheck = 1500;
				LastUpgradeCheck = 1500;
				TargetAttributes = {
					D94FF49C2ADB13310019F211 = {
						CreatedOnToolsVersion = 15.0;
					};
				};
			};
			buildConfigurationList = D94FF4982ADB13310019F211 /* Build configuration list for PBXProject "Metal Startup" */;
			compatibilityVersion = "Xcode 14.0";
			developmentRegion = en;
			hasScannedForEncodings = 0;
			knownRegions = (
				en,
				Base,
			);
			mainGroup = D94FF4942ADB13310019F211;
			productRefGroup = D94FF49E2ADB13310019F211 /* Products */;
			projectDirPath = "";
			projectRoot = "";
			targets = (
				D94FF49C2ADB13310019F211 /* Metal Startup */,
			);
		};
/* End PBXProject section */

/* Begin PBXResourcesBuildPhase section */
		D94FF49B2ADB13310019F211 /* Resources */ = {
			isa = PBXResourcesBuildPhase;
			buildActionMask = 2147483647;
			files = (
				D94FF4A82ADB13330019F211 /* Preview Assets.xcassets in Resources */,
				D94FF4A52ADB13330019F211 /* Assets.xcassets in Resources */,
			);
			runOnlyForDeploymentPostprocessing = 0;
		};
/* End PBXResourcesBuildPhase section */

/* Begin PBXSourcesBuildPhase section */
		D94FF4992ADB13310019F211 /* Sources */ = {
			isa = PBXSourcesBuildPhase;
			buildActionMask = 2147483647;
			files = (
				D94FF4B42ADB13BE0019F211 /* Renderer.swift in Sources */,
				D94FF4B12ADB136D0019F211 /* MetalView.swift in Sources */,
				D94FF4A32ADB13310019F211 /* ContentView.swift in Sources */,
				D94FF4A12ADB13310019F211 /* Metal_StartupApp.swift in Sources */,
				D94FF4B72ADB185F0019F211 /* shader.metal in Sources */,
			);
			runOnlyForDeploymentPostprocessing = 0;
		};
/* End PBXSourcesBuildPhase section */

/* Begin XCBuildConfiguration section */
		D94FF4AA2ADB13330019F211 /* Debug */ = {
			isa = XCBuildConfiguration;
			buildSettings = {
				ALWAYS_SEARCH_USER_PATHS = NO;
				ASSETCATALOG_COMPILER_GENERATE_SWIFT_ASSET_SYMBOL_EXTENSIONS = YES;
				CLANG_ANALYZER_NONNULL = YES;
				CLANG_ANALYZER_NUMBER_OBJECT_CONVERSION = YES_AGGRESSIVE;
				CLANG_CXX_LANGUAGE_STANDARD = "gnu++20";
				CLANG_ENABLE_MODULES = YES;
				CLANG_ENABLE_OBJC_ARC = YES;
				CLANG_ENABLE_OBJC_WEAK = YES;
				CLANG_WARN_BLOCK_CAPTURE_AUTORELEASING = YES;
				CLANG_WARN_BOOL_CONVERSION = YES;
				CLANG_WARN_COMMA = YES;
				CLANG_WARN_CONSTANT_CONVERSION = YES;
				CLANG_WARN_DEPRECATED_OBJC_IMPLEMENTATIONS = YES;
				CLANG_WARN_DIRECT_OBJC_ISA_USAGE = YES_ERROR;
				CLANG_WARN_DOCUMENTATION_COMMENTS = YES;
				CLANG_WARN_EMPTY_BODY = YES;
				CLANG_WARN_ENUM_CONVERSION = YES;
				CLANG_WARN_INFINITE_RECURSION = YES;
				CLANG_WARN_INT_CONVERSION = YES;
				CLANG_WARN_NON_LITERAL_NULL_CONVERSION = YES;
				CLANG_WARN_OBJC_IMPLICIT_RETAIN_SELF = YES;
				CLANG_WARN_OBJC_LITERAL_CONVERSION = YES;
				CLANG_WARN_OBJC_ROOT_CLASS = YES_ERROR;
				CLANG_WARN_QUOTED_INCLUDE_IN_FRAMEWORK_HEADER = YES;
				CLANG_WARN_RANGE_LOOP_ANALYSIS = YES;
				CLANG_WARN_STRICT_PROTOTYPES = YES;
				CLANG_WARN_SUSPICIOUS_MOVE = YES;
				CLANG_WARN_UNGUARDED_AVAILABILITY = YES_AGGRESSIVE;
				CLANG_WARN_UNREACHABLE_CODE = YES;
				CLANG_WARN__DUPLICATE_METHOD_MATCH = YES;
				COPY_PHASE_STRIP = NO;
				DEBUG_INFORMATION_FORMAT = dwarf;
				ENABLE_STRICT_OBJC_MSGSEND = YES;
				ENABLE_TESTABILITY = YES;
				ENABLE_USER_SCRIPT_SANDBOXING = YES;
				GCC_C_LANGUAGE_STANDARD = gnu17;
				GCC_DYNAMIC_NO_PIC = NO;
				GCC_NO_COMMON_BLOCKS = YES;
				GCC_OPTIMIZATION_LEVEL = 0;
				GCC_PREPROCESSOR_DEFINITIONS = (
					"DEBUG=1",
					"$(inherited)",
				);
				GCC_WARN_64_TO_32_BIT_CONVERSION = YES;
				GCC_WARN_ABOUT_RETURN_TYPE = YES_ERROR;
				GCC_WARN_UNDECLARED_SELECTOR = YES;
				GCC_WARN_UNINITIALIZED_AUTOS = YES_AGGRESSIVE;
				GCC_WARN_UNUSED_FUNCTION = YES;
				GCC_WARN_UNUSED_VARIABLE = YES;
				LOCALIZATION_PREFERS_STRING_CATALOGS = YES;
				MACOSX_DEPLOYMENT_TARGET = 14.0;
				MTL_ENABLE_DEBUG_INFO = INCLUDE_SOURCE;
				MTL_FAST_MATH = YES;
				ONLY_ACTIVE_ARCH = YES;
				SDKROOT = macosx;
				SWIFT_ACTIVE_COMPILATION_CONDITIONS = "DEBUG $(inherited)";
				SWIFT_OPTIMIZATION_LEVEL = "-Onone";
			};
			name = Debug;
		};
		D94FF4AB2ADB13330019F211 /* Release */ = {
			isa = XCBuildConfiguration;
			buildSettings = {
				ALWAYS_SEARCH_USER_PATHS = NO;
				ASSETCATALOG_COMPILER_GENERATE_SWIFT_ASSET_SYMBOL_EXTENSIONS = YES;
				CLANG_ANALYZER_NONNULL = YES;
				CLANG_ANALYZER_NUMBER_OBJECT_CONVERSION = YES_AGGRESSIVE;
				CLANG_CXX_LANGUAGE_STANDARD = "gnu++20";
				CLANG_ENABLE_MODULES = YES;
				CLANG_ENABLE_OBJC_ARC = YES;
				CLANG_ENABLE_OBJC_WEAK = YES;
				CLANG_WARN_BLOCK_CAPTURE_AUTORELEASING = YES;
				CLANG_WARN_BOOL_CONVERSION = YES;
				CLANG_WARN_COMMA = YES;
				CLANG_WARN_CONSTANT_CONVERSION = YES;
				CLANG_WARN_DEPRECATED_OBJC_IMPLEMENTATIONS = YES;
				CLANG_WARN_DIRECT_OBJC_ISA_USAGE = YES_ERROR;
				CLANG_WARN_DOCUMENTATION_COMMENTS = YES;
				CLANG_WARN_EMPTY_BODY = YES;
				CLANG_WARN_ENUM_CONVERSION = YES;
				CLANG_WARN_INFINITE_RECURSION = YES;
				CLANG_WARN_INT_CONVERSION = YES;
				CLANG_WARN_NON_LITERAL_NULL_CONVERSION = YES;
				CLANG_WARN_OBJC_IMPLICIT_RETAIN_SELF = YES;
				CLANG_WARN_OBJC_LITERAL_CONVERSION = YES;
				CLANG_WARN_OBJC_ROOT_CLASS = YES_ERROR;
				CLANG_WARN_QUOTED_INCLUDE_IN_FRAMEWORK_HEADER = YES;
				CLANG_WARN_RANGE_LOOP_ANALYSIS = YES;
				CLANG_WARN_STRICT_PROTOTYPES = YES;
				CLANG_WARN_SUSPICIOUS_MOVE = YES;
				CLANG_WARN_UNGUARDED_AVAILABILITY = YES_AGGRESSIVE;
				CLANG_WARN_UNREACHABLE_CODE = YES;
				CLANG_WARN__DUPLICATE_METHOD_MATCH = YES;
				COPY_PHASE_STRIP = NO;
				DEBUG_INFORMATION_FORMAT = "dwarf-with-dsym";
				ENABLE_NS_ASSERTIONS = NO;
				ENABLE_STRICT_OBJC_MSGSEND = YES;
				ENABLE_USER_SCRIPT_SANDBOXING = YES;
				GCC_C_LANGUAGE_STANDARD = gnu17;
				GCC_NO_COMMON_BLOCKS = YES;
				GCC_WARN_64_TO_32_BIT_CONVERSION = YES;
				GCC_WARN_ABOUT_RETURN_TYPE = YES_ERROR;
				GCC_WARN_UNDECLARED_SELECTOR = YES;
				GCC_WARN_UNINITIALIZED_AUTOS = YES_AGGRESSIVE;
				GCC_WARN_UNUSED_FUNCTION = YES;
				GCC_WARN_UNUSED_VARIABLE = YES;
				LOCALIZATION_PREFERS_STRING_CATALOGS = YES;
				MACOSX_DEPLOYMENT_TARGET = 14.0;
				MTL_ENABLE_DEBUG_INFO = NO;
				MTL_FAST_MATH = YES;
				SDKROOT = macosx;
				SWIFT_COMPILATION_MODE = wholemodule;
			};
			name = Release;
		};
		D94FF4AD2ADB13330019F211 /* Debug */ = {
			isa = XCBuildConfiguration;
			buildSettings = {
				ASSETCATALOG_COMPILER_APPICON_NAME = AppIcon;
				ASSETCATALOG_COMPILER_GLOBAL_ACCENT_COLOR_NAME = AccentColor;
				CODE_SIGN_ENTITLEMENTS = "Metal Startup/Metal_Startup.entitlements";
				CODE_SIGN_STYLE = Automatic;
				COMBINE_HIDPI_IMAGES = YES;
				CURRENT_PROJECT_VERSION = 1;
				DEVELOPMENT_ASSET_PATHS = "\"Metal Startup/Preview Content\"";
				DEVELOPMENT_TEAM = ZRJUG8P7DW;
				ENABLE_HARDENED_RUNTIME = YES;
				ENABLE_PREVIEWS = YES;
				GENERATE_INFOPLIST_FILE = YES;
				INFOPLIST_KEY_NSHumanReadableCopyright = "";
				LD_RUNPATH_SEARCH_PATHS = (
					"$(inherited)",
					"@executable_path/../Frameworks",
				);
				MARKETING_VERSION = 1.0;
				PRODUCT_BUNDLE_IDENTIFIER = "TSAR.Metal-Startup";
				PRODUCT_NAME = "$(TARGET_NAME)";
				SWIFT_EMIT_LOC_STRINGS = YES;
				SWIFT_VERSION = 5.0;
			};
			name = Debug;
		};
		D94FF4AE2ADB13330019F211 /* Release */ = {
			isa = XCBuildConfiguration;
			buildSettings = {
				ASSETCATALOG_COMPILER_APPICON_NAME = AppIcon;
				ASSETCATALOG_COMPILER_GLOBAL_ACCENT_COLOR_NAME = AccentColor;
				CODE_SIGN_ENTITLEMENTS = "Metal Startup/Metal_Startup.entitlements";
				CODE_SIGN_STYLE = Automatic;
				COMBINE_HIDPI_IMAGES = YES;
				CURRENT_PROJECT_VERSION = 1;
				DEVELOPMENT_ASSET_PATHS = "\"Metal Startup/Preview Content\"";
				DEVELOPMENT_TEAM = ZRJUG8P7DW;
				ENABLE_HARDENED_RUNTIME = YES;
				ENABLE_PREVIEWS = YES;
				GENERATE_INFOPLIST_FILE = YES;
				INFOPLIST_KEY_NSHumanReadableCopyright = "";
				LD_RUNPATH_SEARCH_PATHS = (
					"$(inherited)",
					"@executable_path/../Frameworks",
				);
				MARKETING_VERSION = 1.0;
				PRODUCT_BUNDLE_IDENTIFIER = "TSAR.Metal-Startup";
				PRODUCT_NAME = "$(TARGET_NAME)";
				SWIFT_EMIT_LOC_STRINGS = YES;
				SWIFT_VERSION = 5.0;
			};
			name = Release;
		};
/* End XCBuildConfiguration section */

/* Begin XCConfigurationList section */
		D94FF4982ADB13310019F211 /* Build configuration list for PBXProject "Metal Startup" */ = {
			isa = XCConfigurationList;
			buildConfigurations = (
				D94FF4AA2ADB13330019F211 /* Debug */,
				D94FF4AB2ADB13330019F211 /* Release */,
			);
			defaultConfigurationIsVisible = 0;
			defaultConfigurationName = Release;
		};
		D94FF4AC2ADB13330019F211 /* Build configuration list for PBXNativeTarget "Metal Startup" */ = {
			isa = XCConfigurationList;
			buildConfigurations = (
				D94FF4AD2ADB13330019F211 /* Debug */,
				D94FF4AE2ADB13330019F211 /* Release */,
			);
			defaultConfigurationIsVisible = 0;
			defaultConfigurationName = Release;
		};
/* End XCConfigurationList section */
	};
	rootObject = D94FF4952ADB13310019F211 /* Project object */;
}
